<?xml version="1.0" encoding="utf-8"?>
<Project ToolsVersion="4.0" xmlns="http://schemas.microsoft.com/developer/msbuild/2003">
  <ItemGroup>
    <Filter Include="Исходные файлы">
      <UniqueIdentifier>{4FC737F1-C7A5-4376-A066-2A32D752A2FF}</UniqueIdentifier>
      <Extensions>cpp;c;cc;cxx;c++;cppm;ixx;def;odl;idl;hpj;bat;asm;asmx</Extensions>
    </Filter>
    <Filter Include="Файлы заголовков">
      <UniqueIdentifier>{93995380-89BD-4b04-88EB-625FBE52EBFB}</UniqueIdentifier>
      <Extensions>h;hh;hpp;hxx;h++;hm;inl;inc;ipp;xsd</Extensions>
    </Filter>
    <Filter Include="Файлы ресурсов">
      <UniqueIdentifier>{67DA6AB6-F800-4c08-8B7A-83BB121AAD01}</UniqueIdentifier>
      <Extensions>rc;ico;cur;bmp;dlg;rc2;rct;bin;rgs;gif;jpg;jpeg;jpe;resx;tiff;tif;png;wav;mfcribbon-ms</Extensions>
    </Filter>
    <Filter Include="Исходные файлы\Operators">
      <UniqueIdentifier>{ff004201-954b-483b-9b9f-0af765dfe638}</UniqueIdentifier>
    </Filter>
    <Filter Include="Исходные файлы\IfElse">
      <UniqueIdentifier>{590231fc-1bcd-4d3d-b67b-71a46e2b8dfe}</UniqueIdentifier>
    </Filter>
    <Filter Include="Исходные файлы\Cycles">
      <UniqueIdentifier>{8b180cf0-bfc0-4e7e-b693-b70536e2a5ae}</UniqueIdentifier>
    </Filter>
    <Filter Include="Исходные файлы\Arrays">
      <UniqueIdentifier>{2c0796aa-abc7-410f-be0a-74af19050100}</UniqueIdentifier>
    </Filter>
  </ItemGroup>
  <ItemGroup>
    <ClCompile Include="main.cpp">
      <Filter>Исходные файлы</Filter>
    </ClCompile>
    <ClCompile Include="OperatorsC.cpp">
      <Filter>Исходные файлы\Operators</Filter>
    </ClCompile>
    <ClCompile Include="OperatorsD.cpp">
      <Filter>Исходные файлы\Operators</Filter>
    </ClCompile>
    <ClCompile Include="OperatorsE.cpp">
      <Filter>Исходные файлы\Operators</Filter>
    </ClCompile>
    <ClCompile Include="OperatorsF.cpp">
      <Filter>Исходные файлы\Operators</Filter>
    </ClCompile>
    <ClCompile Include="OperatorsG.cpp">
      <Filter>Исходные файлы\Operators</Filter>
    </ClCompile>
    <ClCompile Include="OperatorsH.cpp">
      <Filter>Исходные файлы\Operators</Filter>
    </ClCompile>
    <ClCompile Include="OperatorsI.cpp">
      <Filter>Исходные файлы\Operators</Filter>
    </ClCompile>
    <ClCompile Include="OperatorsJ.cpp">
      <Filter>Исходные файлы\Operators</Filter>
    </ClCompile>
    <ClCompile Include="OperatorsK.cpp">
      <Filter>Исходные файлы\Operators</Filter>
    </ClCompile>
    <ClCompile Include="OperatorsL.cpp">
      <Filter>Исходные файлы\Operators</Filter>
    </ClCompile>
    <ClCompile Include="OperatorsA.cpp">
      <Filter>Исходные файлы\Operators</Filter>
    </ClCompile>
    <ClCompile Include="OperatorsB.cpp">
      <Filter>Исходные файлы\Operators</Filter>
    </ClCompile>
    <ClCompile Include="IfElseA.cpp">
      <Filter>Исходные файлы\IfElse</Filter>
    </ClCompile>
    <ClCompile Include="IfElseB.cpp">
      <Filter>Исходные файлы\IfElse</Filter>
    </ClCompile>
    <ClCompile Include="IfElseC.cpp">
      <Filter>Исходные файлы\IfElse</Filter>
    </ClCompile>
    <ClCompile Include="IfElseD.cpp">
      <Filter>Исходные файлы\IfElse</Filter>
    </ClCompile>
    <ClCompile Include="IfElseE.cpp">
      <Filter>Исходные файлы\IfElse</Filter>
    </ClCompile>
    <ClCompile Include="IfElseF.cpp">
      <Filter>Исходные файлы\IfElse</Filter>
    </ClCompile>
    <ClCompile Include="IfElseG.cpp">
      <Filter>Исходные файлы\IfElse</Filter>
    </ClCompile>
    <ClCompile Include="IfElseH.cpp">
      <Filter>Исходные файлы\IfElse</Filter>
    </ClCompile>
    <ClCompile Include="IfElseI.cpp">
      <Filter>Исходные файлы\IfElse</Filter>
    </ClCompile>
    <ClCompile Include="CyclesA.cpp">
      <Filter>Исходные файлы\Cycles</Filter>
    </ClCompile>
    <ClCompile Include="CyclesB.cpp">
      <Filter>Исходные файлы\Cycles</Filter>
    </ClCompile>
    <ClCompile Include="CyclesC.cpp">
      <Filter>Исходные файлы\Cycles</Filter>
    </ClCompile>
    <ClCompile Include="CyclesD.cpp">
      <Filter>Исходные файлы\Cycles</Filter>
    </ClCompile>
    <ClCompile Include="CyclesE.cpp">
      <Filter>Исходные файлы\Cycles</Filter>
    </ClCompile>
    <ClCompile Include="CyclesF.cpp">
      <Filter>Исходные файлы\Cycles</Filter>
    </ClCompile>
    <ClCompile Include="CyclesG.cpp">
      <Filter>Исходные файлы\Cycles</Filter>
    </ClCompile>
    <ClCompile Include="CyclesH.cpp">
      <Filter>Исходные файлы\Cycles</Filter>
    </ClCompile>
    <ClCompile Include="CyclesI.cpp">
      <Filter>Исходные файлы\Cycles</Filter>
    </ClCompile>
    <ClCompile Include="CyclesJ.cpp">
      <Filter>Исходные файлы\Cycles</Filter>
    </ClCompile>
    <ClCompile Include="ArraysA.cpp">
      <Filter>Исходные файлы\Arrays</Filter>
    </ClCompile>
    <ClCompile Include="ArraysB.cpp">
      <Filter>Исходные файлы\Arrays</Filter>
    </ClCompile>
    <ClCompile Include="ArraysC.cpp">
      <Filter>Исходные файлы\Arrays</Filter>
    </ClCompile>
    <ClCompile Include="ArraysD.cpp">
      <Filter>Исходные файлы\Arrays</Filter>
    </ClCompile>
    <ClCompile Include="ArraysE.cpp">
      <Filter>Исходные файлы\Arrays</Filter>
    </ClCompile>
    <ClCompile Include="ArraysF.cpp">
      <Filter>Исходные файлы\Arrays</Filter>
    </ClCompile>
    <ClCompile Include="ArraysG.cpp">
      <Filter>Исходные файлы\Arrays</Filter>
    </ClCompile>
  </ItemGroup>
  <ItemGroup>
    <ClInclude Include="Operators.hpp">
      <Filter>Файлы заголовков</Filter>
    </ClInclude>
    <ClInclude Include="IfElse.hpp">
      <Filter>Файлы заголовков</Filter>
    </ClInclude>
    <ClInclude Include="Cycles.hpp">
      <Filter>Файлы заголовков</Filter>
    </ClInclude>
    <ClInclude Include="Arrays.hpp">
      <Filter>Файлы заголовков</Filter>
    </ClInclude>
  </ItemGroup>
</Project>